// !$*UTF8*$!
{
	archiveVersion = 1;
	classes = {
	};
	objectVersion = 46;
	objects = {

/* Begin PBXBuildFile section */
		439736F018F029810065B03E /* Foundation.framework in Frameworks */ = {isa = PBXBuildFile; fileRef = 439736EF18F029810065B03E /* Foundation.framework */; };
		439736F218F029810065B03E /* CoreGraphics.framework in Frameworks */ = {isa = PBXBuildFile; fileRef = 439736F118F029810065B03E /* CoreGraphics.framework */; };
		439736F418F029810065B03E /* UIKit.framework in Frameworks */ = {isa = PBXBuildFile; fileRef = 439736F318F029810065B03E /* UIKit.framework */; };
		439736FA18F029810065B03E /* InfoPlist.strings in Resources */ = {isa = PBXBuildFile; fileRef = 439736F818F029810065B03E /* InfoPlist.strings */; };
		439736FC18F029810065B03E /* main.m in Sources */ = {isa = PBXBuildFile; fileRef = 439736FB18F029810065B03E /* main.m */; };
		4397370018F029810065B03E /* AppDelegate.m in Sources */ = {isa = PBXBuildFile; fileRef = 439736FF18F029810065B03E /* AppDelegate.m */; };
		4397370318F029810065B03E /* Main.storyboard in Resources */ = {isa = PBXBuildFile; fileRef = 4397370118F029810065B03E /* Main.storyboard */; };
		4397370818F029810065B03E /* Images.xcassets in Resources */ = {isa = PBXBuildFile; fileRef = 4397370718F029810065B03E /* Images.xcassets */; };
		4397370F18F029810065B03E /* XCTest.framework in Frameworks */ = {isa = PBXBuildFile; fileRef = 4397370E18F029810065B03E /* XCTest.framework */; };
		4397371018F029810065B03E /* Foundation.framework in Frameworks */ = {isa = PBXBuildFile; fileRef = 439736EF18F029810065B03E /* Foundation.framework */; };
		4397371118F029810065B03E /* UIKit.framework in Frameworks */ = {isa = PBXBuildFile; fileRef = 439736F318F029810065B03E /* UIKit.framework */; };
		4397371918F029810065B03E /* InfoPlist.strings in Resources */ = {isa = PBXBuildFile; fileRef = 4397371718F029810065B03E /* InfoPlist.strings */; };
		4397371B18F029810065B03E /* Shuffle2Tests.m in Sources */ = {isa = PBXBuildFile; fileRef = 4397371A18F029810065B03E /* Shuffle2Tests.m */; };
		4397372618F029C80065B03E /* MainViewController.m in Sources */ = {isa = PBXBuildFile; fileRef = 4397372518F029C80065B03E /* MainViewController.m */; };
		4397372C18F02D670065B03E /* ResultViewController.m in Sources */ = {isa = PBXBuildFile; fileRef = 4397372B18F02D670065B03E /* ResultViewController.m */; };
		4397372F18F0C3070065B03E /* EntryTableViewController.m in Sources */ = {isa = PBXBuildFile; fileRef = 4397372E18F0C3070065B03E /* EntryTableViewController.m */; };
		4397373218F0D3B70065B03E /* EntryMember.m in Sources */ = {isa = PBXBuildFile; fileRef = 4397373118F0D3B70065B03E /* EntryMember.m */; };
		4397373518F0D7AE0065B03E /* EntryTeam.m in Sources */ = {isa = PBXBuildFile; fileRef = 4397373418F0D7AE0065B03E /* EntryTeam.m */; };
		4397373818F0FA3D0065B03E /* ModelController.m in Sources */ = {isa = PBXBuildFile; fileRef = 4397373718F0FA3D0065B03E /* ModelController.m */; };
/* End PBXBuildFile section */

/* Begin PBXContainerItemProxy section */
		4397371218F029810065B03E /* PBXContainerItemProxy */ = {
			isa = PBXContainerItemProxy;
			containerPortal = 439736E418F029810065B03E /* Project object */;
			proxyType = 1;
			remoteGlobalIDString = 439736EB18F029810065B03E;
			remoteInfo = Shuffle2;
		};
/* End PBXContainerItemProxy section */

/* Begin PBXFileReference section */
		439736EC18F029810065B03E /* Shuffle2.app */ = {isa = PBXFileReference; explicitFileType = wrapper.application; includeInIndex = 0; path = Shuffle2.app; sourceTree = BUILT_PRODUCTS_DIR; };
		439736EF18F029810065B03E /* Foundation.framework */ = {isa = PBXFileReference; lastKnownFileType = wrapper.framework; name = Foundation.framework; path = System/Library/Frameworks/Foundation.framework; sourceTree = SDKROOT; };
		439736F118F029810065B03E /* CoreGraphics.framework */ = {isa = PBXFileReference; lastKnownFileType = wrapper.framework; name = CoreGraphics.framework; path = System/Library/Frameworks/CoreGraphics.framework; sourceTree = SDKROOT; };
		439736F318F029810065B03E /* UIKit.framework */ = {isa = PBXFileReference; lastKnownFileType = wrapper.framework; name = UIKit.framework; path = System/Library/Frameworks/UIKit.framework; sourceTree = SDKROOT; };
		439736F718F029810065B03E /* Shuffle2-Info.plist */ = {isa = PBXFileReference; lastKnownFileType = text.plist.xml; path = "Shuffle2-Info.plist"; sourceTree = "<group>"; };
		439736F918F029810065B03E /* en */ = {isa = PBXFileReference; lastKnownFileType = text.plist.strings; name = en; path = en.lproj/InfoPlist.strings; sourceTree = "<group>"; };
		439736FB18F029810065B03E /* main.m */ = {isa = PBXFileReference; lastKnownFileType = sourcecode.c.objc; path = main.m; sourceTree = "<group>"; };
		439736FD18F029810065B03E /* Shuffle2-Prefix.pch */ = {isa = PBXFileReference; lastKnownFileType = sourcecode.c.h; path = "Shuffle2-Prefix.pch"; sourceTree = "<group>"; };
		439736FE18F029810065B03E /* AppDelegate.h */ = {isa = PBXFileReference; lastKnownFileType = sourcecode.c.h; path = AppDelegate.h; sourceTree = "<group>"; };
		439736FF18F029810065B03E /* AppDelegate.m */ = {isa = PBXFileReference; lastKnownFileType = sourcecode.c.objc; path = AppDelegate.m; sourceTree = "<group>"; };
		4397370218F029810065B03E /* Base */ = {isa = PBXFileReference; lastKnownFileType = file.storyboard; name = Base; path = Base.lproj/Main.storyboard; sourceTree = "<group>"; };
		4397370718F029810065B03E /* Images.xcassets */ = {isa = PBXFileReference; lastKnownFileType = folder.assetcatalog; path = Images.xcassets; sourceTree = "<group>"; };
		4397370D18F029810065B03E /* Shuffle2Tests.xctest */ = {isa = PBXFileReference; explicitFileType = wrapper.cfbundle; includeInIndex = 0; path = Shuffle2Tests.xctest; sourceTree = BUILT_PRODUCTS_DIR; };
		4397370E18F029810065B03E /* XCTest.framework */ = {isa = PBXFileReference; lastKnownFileType = wrapper.framework; name = XCTest.framework; path = Library/Frameworks/XCTest.framework; sourceTree = DEVELOPER_DIR; };
		4397371618F029810065B03E /* Shuffle2Tests-Info.plist */ = {isa = PBXFileReference; lastKnownFileType = text.plist.xml; path = "Shuffle2Tests-Info.plist"; sourceTree = "<group>"; };
		4397371818F029810065B03E /* en */ = {isa = PBXFileReference; lastKnownFileType = text.plist.strings; name = en; path = en.lproj/InfoPlist.strings; sourceTree = "<group>"; };
		4397371A18F029810065B03E /* Shuffle2Tests.m */ = {isa = PBXFileReference; lastKnownFileType = sourcecode.c.objc; path = Shuffle2Tests.m; sourceTree = "<group>"; };
		4397372418F029C80065B03E /* MainViewController.h */ = {isa = PBXFileReference; fileEncoding = 4; lastKnownFileType = sourcecode.c.h; path = MainViewController.h; sourceTree = "<group>"; };
		4397372518F029C80065B03E /* MainViewController.m */ = {isa = PBXFileReference; fileEncoding = 4; lastKnownFileType = sourcecode.c.objc; path = MainViewController.m; sourceTree = "<group>"; };
		4397372A18F02D670065B03E /* ResultViewController.h */ = {isa = PBXFileReference; fileEncoding = 4; lastKnownFileType = sourcecode.c.h; path = ResultViewController.h; sourceTree = "<group>"; };
		4397372B18F02D670065B03E /* ResultViewController.m */ = {isa = PBXFileReference; fileEncoding = 4; lastKnownFileType = sourcecode.c.objc; path = ResultViewController.m; sourceTree = "<group>"; };
		4397372D18F0C3070065B03E /* EntryTableViewController.h */ = {isa = PBXFileReference; fileEncoding = 4; lastKnownFileType = sourcecode.c.h; path = EntryTableViewController.h; sourceTree = "<group>"; };
		4397372E18F0C3070065B03E /* EntryTableViewController.m */ = {isa = PBXFileReference; fileEncoding = 4; lastKnownFileType = sourcecode.c.objc; path = EntryTableViewController.m; sourceTree = "<group>"; };
		4397373018F0D3B70065B03E /* EntryMember.h */ = {isa = PBXFileReference; fileEncoding = 4; lastKnownFileType = sourcecode.c.h; path = EntryMember.h; sourceTree = "<group>"; };
		4397373118F0D3B70065B03E /* EntryMember.m */ = {isa = PBXFileReference; fileEncoding = 4; lastKnownFileType = sourcecode.c.objc; path = EntryMember.m; sourceTree = "<group>"; };
		4397373318F0D7AE0065B03E /* EntryTeam.h */ = {isa = PBXFileReference; fileEncoding = 4; lastKnownFileType = sourcecode.c.h; path = EntryTeam.h; sourceTree = "<group>"; };
		4397373418F0D7AE0065B03E /* EntryTeam.m */ = {isa = PBXFileReference; fileEncoding = 4; lastKnownFileType = sourcecode.c.objc; path = EntryTeam.m; sourceTree = "<group>"; };
		4397373618F0FA3D0065B03E /* ModelController.h */ = {isa = PBXFileReference; fileEncoding = 4; lastKnownFileType = sourcecode.c.h; path = ModelController.h; sourceTree = "<group>"; };
		4397373718F0FA3D0065B03E /* ModelController.m */ = {isa = PBXFileReference; fileEncoding = 4; lastKnownFileType = sourcecode.c.objc; path = ModelController.m; sourceTree = "<group>"; };
/* End PBXFileReference section */

/* Begin PBXFrameworksBuildPhase section */
		439736E918F029810065B03E /* Frameworks */ = {
			isa = PBXFrameworksBuildPhase;
			buildActionMask = 2147483647;
			files = (
				439736F218F029810065B03E /* CoreGraphics.framework in Frameworks */,
				439736F418F029810065B03E /* UIKit.framework in Frameworks */,
				439736F018F029810065B03E /* Foundation.framework in Frameworks */,
			);
			runOnlyForDeploymentPostprocessing = 0;
		};
		4397370A18F029810065B03E /* Frameworks */ = {
			isa = PBXFrameworksBuildPhase;
			buildActionMask = 2147483647;
			files = (
				4397370F18F029810065B03E /* XCTest.framework in Frameworks */,
				4397371118F029810065B03E /* UIKit.framework in Frameworks */,
				4397371018F029810065B03E /* Foundation.framework in Frameworks */,
			);
			runOnlyForDeploymentPostprocessing = 0;
		};
/* End PBXFrameworksBuildPhase section */

/* Begin PBXGroup section */
		439736E318F029810065B03E = {
			isa = PBXGroup;
			children = (
				439736F518F029810065B03E /* Shuffle2 */,
				4397371418F029810065B03E /* Shuffle2Tests */,
				439736EE18F029810065B03E /* Frameworks */,
				439736ED18F029810065B03E /* Products */,
			);
			sourceTree = "<group>";
		};
		439736ED18F029810065B03E /* Products */ = {
			isa = PBXGroup;
			children = (
				439736EC18F029810065B03E /* Shuffle2.app */,
				4397370D18F029810065B03E /* Shuffle2Tests.xctest */,
			);
			name = Products;
			sourceTree = "<group>";
		};
		439736EE18F029810065B03E /* Frameworks */ = {
			isa = PBXGroup;
			children = (
				439736EF18F029810065B03E /* Foundation.framework */,
				439736F118F029810065B03E /* CoreGraphics.framework */,
				439736F318F029810065B03E /* UIKit.framework */,
				4397370E18F029810065B03E /* XCTest.framework */,
			);
			name = Frameworks;
			sourceTree = "<group>";
		};
		439736F518F029810065B03E /* Shuffle2 */ = {
			isa = PBXGroup;
			children = (
				439736FE18F029810065B03E /* AppDelegate.h */,
				439736FF18F029810065B03E /* AppDelegate.m */,
				4397370118F029810065B03E /* Main.storyboard */,
				4397372418F029C80065B03E /* MainViewController.h */,
				4397372518F029C80065B03E /* MainViewController.m */,
				4397372D18F0C3070065B03E /* EntryTableViewController.h */,
				4397372E18F0C3070065B03E /* EntryTableViewController.m */,
				4397372A18F02D670065B03E /* ResultViewController.h */,
				4397372B18F02D670065B03E /* ResultViewController.m */,
				4397373618F0FA3D0065B03E /* ModelController.h */,
				4397373718F0FA3D0065B03E /* ModelController.m */,
				4397373318F0D7AE0065B03E /* EntryTeam.h */,
				4397373418F0D7AE0065B03E /* EntryTeam.m */,
				4397373018F0D3B70065B03E /* EntryMember.h */,
				4397373118F0D3B70065B03E /* EntryMember.m */,
				4397370718F029810065B03E /* Images.xcassets */,
				439736F618F029810065B03E /* Supporting Files */,
			);
			path = Shuffle2;
			sourceTree = "<group>";
		};
		439736F618F029810065B03E /* Supporting Files */ = {
			isa = PBXGroup;
			children = (
				439736F718F029810065B03E /* Shuffle2-Info.plist */,
				439736F818F029810065B03E /* InfoPlist.strings */,
				439736FB18F029810065B03E /* main.m */,
				439736FD18F029810065B03E /* Shuffle2-Prefix.pch */,
			);
			name = "Supporting Files";
			sourceTree = "<group>";
		};
		4397371418F029810065B03E /* Shuffle2Tests */ = {
			isa = PBXGroup;
			children = (
				4397371A18F029810065B03E /* Shuffle2Tests.m */,
				4397371518F029810065B03E /* Supporting Files */,
			);
			path = Shuffle2Tests;
			sourceTree = "<group>";
		};
		4397371518F029810065B03E /* Supporting Files */ = {
			isa = PBXGroup;
			children = (
				4397371618F029810065B03E /* Shuffle2Tests-Info.plist */,
				4397371718F029810065B03E /* InfoPlist.strings */,
			);
			name = "Supporting Files";
			sourceTree = "<group>";
		};
/* End PBXGroup section */

/* Begin PBXNativeTarget section */
		439736EB18F029810065B03E /* Shuffle2 */ = {
			isa = PBXNativeTarget;
			buildConfigurationList = 4397371E18F029810065B03E /* Build configuration list for PBXNativeTarget "Shuffle2" */;
			buildPhases = (
				439736E818F029810065B03E /* Sources */,
				439736E918F029810065B03E /* Frameworks */,
				439736EA18F029810065B03E /* Resources */,
			);
			buildRules = (
			);
			dependencies = (
			);
			name = Shuffle2;
			productName = Shuffle2;
			productReference = 439736EC18F029810065B03E /* Shuffle2.app */;
			productType = "com.apple.product-type.application";
		};
		4397370C18F029810065B03E /* Shuffle2Tests */ = {
			isa = PBXNativeTarget;
			buildConfigurationList = 4397372118F029810065B03E /* Build configuration list for PBXNativeTarget "Shuffle2Tests" */;
			buildPhases = (
				4397370918F029810065B03E /* Sources */,
				4397370A18F029810065B03E /* Frameworks */,
				4397370B18F029810065B03E /* Resources */,
			);
			buildRules = (
			);
			dependencies = (
				4397371318F029810065B03E /* PBXTargetDependency */,
			);
			name = Shuffle2Tests;
			productName = Shuffle2Tests;
			productReference = 4397370D18F029810065B03E /* Shuffle2Tests.xctest */;
			productType = "com.apple.product-type.bundle.unit-test";
		};
/* End PBXNativeTarget section */

/* Begin PBXProject section */
		439736E418F029810065B03E /* Project object */ = {
			isa = PBXProject;
			attributes = {
				LastUpgradeCheck = 0510;
				ORGANIZATIONNAME = IsaoHARA;
				TargetAttributes = {
					4397370C18F029810065B03E = {
						TestTargetID = 439736EB18F029810065B03E;
					};
				};
			};
			buildConfigurationList = 439736E718F029810065B03E /* Build configuration list for PBXProject "Shuffle2" */;
			compatibilityVersion = "Xcode 3.2";
			developmentRegion = English;
			hasScannedForEncodings = 0;
			knownRegions = (
				en,
				Base,
			);
			mainGroup = 439736E318F029810065B03E;
			productRefGroup = 439736ED18F029810065B03E /* Products */;
			projectDirPath = "";
			projectRoot = "";
			targets = (
				439736EB18F029810065B03E /* Shuffle2 */,
				4397370C18F029810065B03E /* Shuffle2Tests */,
			);
		};
/* End PBXProject section */

/* Begin PBXResourcesBuildPhase section */
		439736EA18F029810065B03E /* Resources */ = {
			isa = PBXResourcesBuildPhase;
			buildActionMask = 2147483647;
			files = (
				4397370818F029810065B03E /* Images.xcassets in Resources */,
				439736FA18F029810065B03E /* InfoPlist.strings in Resources */,
				4397370318F029810065B03E /* Main.storyboard in Resources */,
			);
			runOnlyForDeploymentPostprocessing = 0;
		};
		4397370B18F029810065B03E /* Resources */ = {
			isa = PBXResourcesBuildPhase;
			buildActionMask = 2147483647;
			files = (
				4397371918F029810065B03E /* InfoPlist.strings in Resources */,
			);
			runOnlyForDeploymentPostprocessing = 0;
		};
/* End PBXResourcesBuildPhase section */

/* Begin PBXSourcesBuildPhase section */
		439736E818F029810065B03E /* Sources */ = {
			isa = PBXSourcesBuildPhase;
			buildActionMask = 2147483647;
			files = (
				4397370018F029810065B03E /* AppDelegate.m in Sources */,
				4397373818F0FA3D0065B03E /* ModelController.m in Sources */,
				4397372618F029C80065B03E /* MainViewController.m in Sources */,
				439736FC18F029810065B03E /* main.m in Sources */,
				4397372F18F0C3070065B03E /* EntryTableViewController.m in Sources */,
				4397373518F0D7AE0065B03E /* EntryTeam.m in Sources */,
				4397373218F0D3B70065B03E /* EntryMember.m in Sources */,
				4397372C18F02D670065B03E /* ResultViewController.m in Sources */,
			);
			runOnlyForDeploymentPostprocessing = 0;
		};
		4397370918F029810065B03E /* Sources */ = {
			isa = PBXSourcesBuildPhase;
			buildActionMask = 2147483647;
			files = (
				4397371B18F029810065B03E /* Shuffle2Tests.m in Sources */,
			);
			runOnlyForDeploymentPostprocessing = 0;
		};
/* End PBXSourcesBuildPhase section */

/* Begin PBXTargetDependency section */
		4397371318F029810065B03E /* PBXTargetDependency */ = {
			isa = PBXTargetDependency;
			target = 439736EB18F029810065B03E /* Shuffle2 */;
			targetProxy = 4397371218F029810065B03E /* PBXContainerItemProxy */;
		};
/* End PBXTargetDependency section */

/* Begin PBXVariantGroup section */
		439736F818F029810065B03E /* InfoPlist.strings */ = {
			isa = PBXVariantGroup;
			children = (
				439736F918F029810065B03E /* en */,
			);
			name = InfoPlist.strings;
			sourceTree = "<group>";
		};
		4397370118F029810065B03E /* Main.storyboard */ = {
			isa = PBXVariantGroup;
			children = (
				4397370218F029810065B03E /* Base */,
			);
			name = Main.storyboard;
			sourceTree = "<group>";
		};
		4397371718F029810065B03E /* InfoPlist.strings */ = {
			isa = PBXVariantGroup;
			children = (
				4397371818F029810065B03E /* en */,
			);
			name = InfoPlist.strings;
			sourceTree = "<group>";
		};
/* End PBXVariantGroup section */

/* Begin XCBuildConfiguration section */
		4397371C18F029810065B03E /* Debug */ = {
			isa = XCBuildConfiguration;
			buildSettings = {
				ALWAYS_SEARCH_USER_PATHS = NO;
				CLANG_CXX_LANGUAGE_STANDARD = "gnu++0x";
				CLANG_CXX_LIBRARY = "libc++";
				CLANG_ENABLE_MODULES = YES;
				CLANG_ENABLE_OBJC_ARC = YES;
				CLANG_WARN_BOOL_CONVERSION = YES;
				CLANG_WARN_CONSTANT_CONVERSION = YES;
				CLANG_WARN_DIRECT_OBJC_ISA_USAGE = YES_ERROR;
				CLANG_WARN_EMPTY_BODY = YES;
				CLANG_WARN_ENUM_CONVERSION = YES;
				CLANG_WARN_INT_CONVERSION = YES;
				CLANG_WARN_OBJC_ROOT_CLASS = YES_ERROR;
				CLANG_WARN__DUPLICATE_METHOD_MATCH = YES;
				"CODE_SIGN_IDENTITY[sdk=iphoneos*]" = "iPhone Developer";
				COPY_PHASE_STRIP = NO;
				GCC_C_LANGUAGE_STANDARD = gnu99;
				GCC_DYNAMIC_NO_PIC = NO;
				GCC_OPTIMIZATION_LEVEL = 0;
				GCC_PREPROCESSOR_DEFINITIONS = (
					"DEBUG=1",
					"$(inherited)",
				);
				GCC_SYMBOLS_PRIVATE_EXTERN = NO;
				GCC_WARN_64_TO_32_BIT_CONVERSION = YES;
				GCC_WARN_ABOUT_RETURN_TYPE = YES_ERROR;
				GCC_WARN_UNDECLARED_SELECTOR = YES;
				GCC_WARN_UNINITIALIZED_AUTOS = YES_AGGRESSIVE;
				GCC_WARN_UNUSED_FUNCTION = YES;
				GCC_WARN_UNUSED_VARIABLE = YES;
				IPHONEOS_DEPLOYMENT_TARGET = 7.1;
				ONLY_ACTIVE_ARCH = YES;
				SDKROOT = iphoneos;
			};
			name = Debug;
		};
		4397371D18F029810065B03E /* Release */ = {
			isa = XCBuildConfiguration;
			buildSettings = {
				ALWAYS_SEARCH_USER_PATHS = NO;
				CLANG_CXX_LANGUAGE_STANDARD = "gnu++0x";
				CLANG_CXX_LIBRARY = "libc++";
				CLANG_ENABLE_MODULES = YES;
				CLANG_ENABLE_OBJC_ARC = YES;
				CLANG_WARN_BOOL_CONVERSION = YES;
				CLANG_WARN_CONSTANT_CONVERSION = YES;
				CLANG_WARN_DIRECT_OBJC_ISA_USAGE = YES_ERROR;
				CLANG_WARN_EMPTY_BODY = YES;
				CLANG_WARN_ENUM_CONVERSION = YES;
				CLANG_WARN_INT_CONVERSION = YES;
				CLANG_WARN_OBJC_ROOT_CLASS = YES_ERROR;
				CLANG_WARN__DUPLICATE_METHOD_MATCH = YES;
				"CODE_SIGN_IDENTITY[sdk=iphoneos*]" = "iPhone Developer";
				COPY_PHASE_STRIP = YES;
				ENABLE_NS_ASSERTIONS = NO;
				GCC_C_LANGUAGE_STANDARD = gnu99;
				GCC_WARN_64_TO_32_BIT_CONVERSION = YES;
				GCC_WARN_ABOUT_RETURN_TYPE = YES_ERROR;
				GCC_WARN_UNDECLARED_SELECTOR = YES;
				GCC_WARN_UNINITIALIZED_AUTOS = YES_AGGRESSIVE;
				GCC_WARN_UNUSED_FUNCTION = YES;
				GCC_WARN_UNUSED_VARIABLE = YES;
				IPHONEOS_DEPLOYMENT_TARGET = 7.1;
				SDKROOT = iphoneos;
				VALIDATE_PRODUCT = YES;
			};
			name = Release;
		};
		4397371F18F029810065B03E /* Debug */ = {
			isa = XCBuildConfiguration;
			buildSettings = {
				ASSETCATALOG_COMPILER_APPICON_NAME = AppIcon;
				ASSETCATALOG_COMPILER_LAUNCHIMAGE_NAME = LaunchImage;
				GCC_PRECOMPILE_PREFIX_HEADER = YES;
				GCC_PREFIX_HEADER = "Shuffle2/Shuffle2-Prefix.pch";
				INFOPLIST_FILE = "Shuffle2/Shuffle2-Info.plist";
				PRODUCT_NAME = "$(TARGET_NAME)";
				WRAPPER_EXTENSION = app;
			};
			name = Debug;
		};
		4397372018F029810065B03E /* Release */ = {
			isa = XCBuildConfiguration;
			buildSettings = {
				ASSETCATALOG_COMPILER_APPICON_NAME = AppIcon;
				ASSETCATALOG_COMPILER_LAUNCHIMAGE_NAME = LaunchImage;
				GCC_PRECOMPILE_PREFIX_HEADER = YES;
				GCC_PREFIX_HEADER = "Shuffle2/Shuffle2-Prefix.pch";
				INFOPLIST_FILE = "Shuffle2/Shuffle2-Info.plist";
				PRODUCT_NAME = "$(TARGET_NAME)";
				WRAPPER_EXTENSION = app;
			};
			name = Release;
		};
		4397372218F029810065B03E /* Debug */ = {
			isa = XCBuildConfiguration;
			buildSettings = {
				BUNDLE_LOADER = "$(BUILT_PRODUCTS_DIR)/Shuffle2.app/Shuffle2";
				FRAMEWORK_SEARCH_PATHS = (
					"$(SDKROOT)/Developer/Library/Frameworks",
					"$(inherited)",
					"$(DEVELOPER_FRAMEWORKS_DIR)",
				);
				GCC_PRECOMPILE_PREFIX_HEADER = YES;
				GCC_PREFIX_HEADER = "Shuffle2/Shuffle2-Prefix.pch";
				GCC_PREPROCESSOR_DEFINITIONS = (
					"DEBUG=1",
					"$(inherited)",
				);
				INFOPLIST_FILE = "Shuffle2Tests/Shuffle2Tests-Info.plist";
				PRODUCT_NAME = "$(TARGET_NAME)";
				TEST_HOST = "$(BUNDLE_LOADER)";
				WRAPPER_EXTENSION = xctest;
			};
			name = Debug;
		};
		4397372318F029810065B03E /* Release */ = {
			isa = XCBuildConfiguration;
			buildSettings = {
				BUNDLE_LOADER = "$(BUILT_PRODUCTS_DIR)/Shuffle2.app/Shuffle2";
				FRAMEWORK_SEARCH_PATHS = (
					"$(SDKROOT)/Developer/Library/Frameworks",
					"$(inherited)",
					"$(DEVELOPER_FRAMEWORKS_DIR)",
				);
				GCC_PRECOMPILE_PREFIX_HEADER = YES;
				GCC_PREFIX_HEADER = "Shuffle2/Shuffle2-Prefix.pch";
				INFOPLIST_FILE = "Shuffle2Tests/Shuffle2Tests-Info.plist";
				PRODUCT_NAME = "$(TARGET_NAME)";
				TEST_HOST = "$(BUNDLE_LOADER)";
				WRAPPER_EXTENSION = xctest;
			};
			name = Release;
		};
/* End XCBuildConfiguration section */

/* Begin XCConfigurationList section */
		439736E718F029810065B03E /* Build configuration list for PBXProject "Shuffle2" */ = {
			isa = XCConfigurationList;
			buildConfigurations = (
				4397371C18F029810065B03E /* Debug */,
				4397371D18F029810065B03E /* Release */,
			);
			defaultConfigurationIsVisible = 0;
			defaultConfigurationName = Release;
		};
		4397371E18F029810065B03E /* Build configuration list for PBXNativeTarget "Shuffle2" */ = {
			isa = XCConfigurationList;
			buildConfigurations = (
				4397371F18F029810065B03E /* Debug */,
				4397372018F029810065B03E /* Release */,
			);
			defaultConfigurationIsVisible = 0;
			defaultConfigurationName = Release;
		};
		4397372118F029810065B03E /* Build configuration list for PBXNativeTarget "Shuffle2Tests" */ = {
			isa = XCConfigurationList;
			buildConfigurations = (
				4397372218F029810065B03E /* Debug */,
				4397372318F029810065B03E /* Release */,
			);
			defaultConfigurationIsVisible = 0;
			defaultConfigurationName = Release;
		};
/* End XCConfigurationList section */
	};
	rootObject = 439736E418F029810065B03E /* Project object */;
}
